lockfileVersion: '9.0'

settings:
  autoInstallPeers: true
  excludeLinksFromLockfile: false

importers:

  .:
    dependencies:
      firebase:
        specifier: ^12.11.0
        version: 12.11.0
    devDependencies:
      '@fortawesome/fontawesome-free':
        specifier: ^7.2.0
        version: 7.2.0
      cross-env:
        specifier: ^7.0.3
        version: 7.0.3
      vite:
        specifier: ^8.0.6
        version: 8.0.6(@types/node@25.5.2)

packages:

  '@emnapi/core@1.9.1':
    resolution: {integrity: sha512-mukuNALVsoix/w1BJwFzwXBN/dHeejQtuVzcDsfOEsdpCumXb/E9j8w11h5S54tT1xhifGfbbSm/ICrObRb3KA==}

  '@emnapi/runtime@1.9.1':
    resolution: {integrity: sha512-VYi5+ZVLhpgK4hQ0TAjiQiZ6ol0oe4mBx7mVv7IflsiEp0OWoVsp/+f9Vc1hOhE0TtkORVrI1GvzyreqpgWtkA==}

  '@emnapi/wasi-threads@1.2.0':
    resolution: {integrity: sha512-N10dEJNSsUx41Z6pZsXU8FjPjpBEplgH24sfkmITrBED1/U2Esum9F3lfLrMjKHHjmi557zQn7kR9R+XWXu5Rg==}

  '@firebase/ai@2.10.0':
    resolution: {integrity: sha512-1lI6HomyoO/8RSJb6ItyHLpHnB2z27m5F4aX/Vpi1nhwWoxdNjkq+6UQOykHyCE0KairojOE5qQ20i1tnF0nNA==}
    engines: {node: '>=20.0.0'}
    peerDependencies:
      '@firebase/app': 0.x
      '@firebase/app-types': 0.x

  '@firebase/analytics-compat@0.2.27':
    resolution: {integrity: sha512-ZObpYpAxL6JfgH7GnvlDD0sbzGZ0o4nijV8skatV9ZX49hJtCYbFqaEcPYptT94rgX1KUoKEderC7/fa7hybtw==}
    peerDependencies:
      '@firebase/app-compat': 0.x

  '@firebase/analytics-types@0.8.3':
    resolution: {integrity: sha512-VrIp/d8iq2g501qO46uGz3hjbDb8xzYMrbu8Tp0ovzIzrvJZ2fvmj649gTjge/b7cCCcjT0H37g1gVtlNhnkbg==}

  '@firebase/analytics@0.10.21':
    resolution: {integrity: sha512-j2y2q65BlgLGB5Pwjhv/Jopw2X/TBTzvAtI5z/DSp56U4wBj7LfhBfzbdCtFPges+Wz0g55GdoawXibOH5jGng==}
    peerDependencies:
      '@firebase/app': 0.x

  '@firebase/app-check-compat@0.4.2':
    resolution: {integrity: sha512-M91NhxqbSkI0ChkJWy69blC+rPr6HEgaeRllddSaU1pQ/7IiegeCQM9pPDIgvWnwnBSzKhUHpe6ro/jhJ+cvzw==}
    engines: {node: '>=20.0.0'}
    peerDependencies:
      '@firebase/app-compat': 0.x

  '@firebase/app-check-interop-types@0.3.3':
    resolution: {integrity: sha512-gAlxfPLT2j8bTI/qfe3ahl2I2YcBQ8cFIBdhAQA4I2f3TndcO+22YizyGYuttLHPQEpWkhmpFW60VCFEPg4g5A==}

  '@firebase/app-check-types@0.5.3':
    resolution: {integrity: sha512-hyl5rKSj0QmwPdsAxrI5x1otDlByQ7bvNvVt8G/XPO2CSwE++rmSVf3VEhaeOR4J8ZFaF0Z0NDSmLejPweZ3ng==}

  '@firebase/app-check@0.11.2':
    resolution: {integrity: sha512-jcXQVMHAQ5AEKzVD5C7s5fmAYeFOuN6lAJeNTgZK2B9aLnofWaJt8u1A8Idm8gpsBBYSaY3cVyeH5SWMOVPBLQ==}
    engines: {node: '>=20.0.0'}
    peerDependencies:
      '@firebase/app': 0.x

  '@firebase/app-compat@0.5.10':
    resolution: {integrity: sha512-tFmBuZL0/v1h6eyKRgWI58ucft6dEJmAi9nhPUXoAW4ZbPSTlnsh31AuEwUoRTz+wwRk9gmgss9GZV05ZM9Kug==}
    engines: {node: '>=20.0.0'}

  '@firebase/app-types@0.9.3':
    resolution: {integrity: sha512-kRVpIl4vVGJ4baogMDINbyrIOtOxqhkZQg4jTq3l8Lw6WSk0xfpEYzezFu+Kl4ve4fbPl79dvwRtaFqAC/ucCw==}

  '@firebase/app@0.14.10':
    resolution: {integrity: sha512-PlPhdtjgWUra+LImQTnXOUqUa/jcufZhizdR93ZjlQSS3ahCtDTG6pJw7j0OwFal18DQjICXfeVNsUUrcNisfA==}
    engines: {node: '>=20.0.0'}

  '@firebase/auth-compat@0.6.4':
    resolution: {integrity: sha512-2pj8m/hnqXvMLfC0Mk+fORVTM5DQPkS6l8JpMgtoAWGVgCmYnoWdFMaNWtKbmCxBEyvMA3FlnCJyzrUSMWTfuA==}
    engines: {node: '>=20.0.0'}
    peerDependencies:
      '@firebase/app-compat': 0.x

  '@firebase/auth-interop-types@0.2.4':
    resolution: {integrity: sha512-JPgcXKCuO+CWqGDnigBtvo09HeBs5u/Ktc2GaFj2m01hLarbxthLNm7Fk8iOP1aqAtXV+fnnGj7U28xmk7IwVA==}

  '@firebase/auth-types@0.13.0':
    resolution: {integrity: sha512-S/PuIjni0AQRLF+l9ck0YpsMOdE8GO2KU6ubmBB7P+7TJUCQDa3R1dlgYm9UzGbbePMZsp0xzB93f2b/CgxMOg==}
    peerDependencies:
      '@firebase/app-types': 0.x
      '@firebase/util': 1.x

  '@firebase/auth@1.12.2':
    resolution: {integrity: sha512-CZJL8V10Vzibs+pDTXdQF+hot1IigIoqF4a4lA/qr5Deo1srcefiyIfgg28B67Lk7IxZhwfJMuI+1bu2xBmV0A==}
    engines: {node: '>=20.0.0'}
    peerDependencies:
      '@firebase/app': 0.x
      '@react-native-async-storage/async-storage': ^2.2.0
    peerDependenciesMeta:
      '@react-native-async-storage/async-storage':
        optional: true

  '@firebase/component@0.7.2':
    resolution: {integrity: sha512-iyVDGc6Vjx7Rm0cAdccLH/NG6fADsgJak/XW9IA2lPf8AjIlsemOpFGKczYyPHxm4rnKdR8z6sK4+KEC7NwmEg==}
    engines: {node: '>=20.0.0'}

  '@firebase/data-connect@0.5.0':
    resolution: {integrity: sha512-G3GYHpWNJJ95502RQLApzw0jaG3pScHl+J/2MdxIuB51xtHnkRL6KvIAP3fFF1drUewWJHOnDA1U+q4Evf3KSw==}
    peerDependencies:
      '@firebase/app': 0.x

  '@firebase/database-compat@2.1.2':
    resolution: {integrity: sha512-j4A6IhVZbgxAzT6gJJC2PfOxYCK9SrDrUO7nTM4EscTYtKkAkzsbKoCnDdjFapQfnsncvPWjqVTr/0PffUwg3g==}
    engines: {node: '>=20.0.0'}

  '@firebase/database-types@1.0.18':
    resolution: {integrity: sha512-yOY8IC2go9lfbVDMiy2ATun4EB2AFwocPaQADwMN/RHRUAZSM4rlAV7PGbWPSG/YhkJ2A9xQAiAENgSua9G5Fg==}

  '@firebase/database@1.1.2':
    resolution: {integrity: sha512-lP96CMjMPy/+d1d9qaaHjHHdzdwvEOuyyLq9ehX89e2XMKwS1jHNzYBO+42bdSumuj5ukPbmnFtViZu8YOMT+w==}
    engines: {node: '>=20.0.0'}

  '@firebase/firestore-compat@0.4.7':
    resolution: {integrity: sha512-Et4XxtGnjp0Q9tmaEMETnY5GHJ8gQ9+RN6sSTT4ETWKmym2d6gIjarw0rCQcx+7BrWVYLEIOAXSXysl0b3xnUA==}
    engines: {node: '>=20.0.0'}
    peerDependencies:
      '@firebase/app-compat': 0.x

  '@firebase/firestore-types@3.0.3':
    resolution: {integrity: sha512-hD2jGdiWRxB/eZWF89xcK9gF8wvENDJkzpVFb4aGkzfEaKxVRD1kjz1t1Wj8VZEp2LCB53Yx1zD8mrhQu87R6Q==}
    peerDependencies:
      '@firebase/app-types': 0.x
      '@firebase/util': 1.x

  '@firebase/firestore@4.13.0':
    resolution: {integrity: sha512-7i4cVNJXTMim7/P7UsNim0DwyLPk4QQ3y1oSNzv4l0ykJOKYCiFMOuEeUxUYvrReXDJxWHrT/4XMeVQm+13rRw==}
    engines: {node: '>=20.0.0'}
    peerDependencies:
      '@firebase/app': 0.x

  '@firebase/functions-compat@0.4.3':
    resolution: {integrity: sha512-BxkEwWgx1of0tKaao/r2VR6WBLk/RAiyztatiONPrPE8gkitFkOnOCxf8i9cUyA5hX5RGt5H30uNn25Q6QNEmQ==}
    engines: {node: '>=20.0.0'}
    peerDependencies:
      '@firebase/app-compat': 0.x

  '@firebase/functions-types@0.6.3':
    resolution: {integrity: sha512-EZoDKQLUHFKNx6VLipQwrSMh01A1SaL3Wg6Hpi//x6/fJ6Ee4hrAeswK99I5Ht8roiniKHw4iO0B1Oxj5I4plg==}

  '@firebase/functions@0.13.3':
    resolution: {integrity: sha512-csO7ckK3SSs+NUZW1nms9EK7ckHe/1QOjiP8uAkCYa7ND18s44vjE9g3KxEeIUpyEPqZaX1EhJuFyZjHigAcYw==}
    engines: {node: '>=20.0.0'}
    peerDependencies:
      '@firebase/app': 0.x

  '@firebase/installations-compat@0.2.21':
    resolution: {integrity: sha512-zahIUkaVKbR8zmTeBHkdfaVl6JGWlhVoSjF7CVH33nFqD3SlPEpEEegn2GNT5iAfsVdtlCyJJ9GW4YKjq+RJKQ==}
    peerDependencies:
      '@firebase/app-compat': 0.x

  '@firebase/installations-types@0.5.3':
    resolution: {integrity: sha512-2FJI7gkLqIE0iYsNQ1P751lO3hER+Umykel+TkLwHj6plzWVxqvfclPUZhcKFVQObqloEBTmpi2Ozn7EkCABAA==}
    peerDependencies:
      '@firebase/app-types': 0.x

  '@firebase/installations@0.6.21':
    resolution: {integrity: sha512-xGFGTeICJZ5vhrmmDukeczIcFULFXybojML2+QSDFoKj5A7zbGN7KzFGSKNhDkIxpjzsYG9IleJyUebuAcmqWA==}
    peerDependencies:
      '@firebase/app': 0.x

  '@firebase/logger@0.5.0':
    resolution: {integrity: sha512-cGskaAvkrnh42b3BA3doDWeBmuHFO/Mx5A83rbRDYakPjO9bJtRL3dX7javzc2Rr/JHZf4HlterTW2lUkfeN4g==}
    engines: {node: '>=20.0.0'}

  '@firebase/messaging-compat@0.2.25':
    resolution: {integrity: sha512-eoOQqGLtRlseTdiemTN44LlHZpltK5gnhq8XVUuLgtIOG+odtDzrz2UoTpcJWSzaJQVxNLb/x9f39tHdDM4N4w==}
    peerDependencies:
      '@firebase/app-compat': 0.x

  '@firebase/messaging-interop-types@0.2.3':
    resolution: {integrity: sha512-xfzFaJpzcmtDjycpDeCUj0Ge10ATFi/VHVIvEEjDNc3hodVBQADZ7BWQU7CuFpjSHE+eLuBI13z5F/9xOoGX8Q==}

  '@firebase/messaging@0.12.25':
    resolution: {integrity: sha512-7RhDwoDHlOK1/ou0/LeubxmjcngsTjDdrY/ssg2vwAVpUuVAhQzQvuCAOYxcX5wNC1zCgQ54AP1vdngBwbCmOQ==}
    peerDependencies:
      '@firebase/app': 0.x

  '@firebase/performance-compat@0.2.24':
    resolution: {integrity: sha512-YRlejH8wLt7ThWao+HXoKUHUrZKGYq+otxkPS+8nuE5PeN1cBXX7NAJl9ueuUkBwMIrnKdnDqL/voHXxDAAt3g==}
    peerDependencies:
      '@firebase/app-compat': 0.x

  '@firebase/performance-types@0.2.3':
    resolution: {integrity: sha512-IgkyTz6QZVPAq8GSkLYJvwSLr3LS9+V6vNPQr0x4YozZJiLF5jYixj0amDtATf1X0EtYHqoPO48a9ija8GocxQ==}

  '@firebase/performance@0.7.11':
    resolution: {integrity: sha512-V3uAhrz7IYJuji+OgT3qYTGKxpek/TViXti9OSsUJ4AexZ3jQjYH5Yrn7JvBxk8MGiSLsC872hh+BxQiPZsm7g==}
    peerDependencies:
      '@firebase/app': 0.x

  '@firebase/remote-config-compat@0.2.23':
    resolution: {integrity: sha512-4+KqRRHEUUmKT6tFmnpWATOsaFfmSuBs1jXH8JzVtMLEYqq/WS9IDM92OdefFDSrAA2xGd0WN004z8mKeIIscw==}
    peerDependencies:
      '@firebase/app-compat': 0.x

  '@firebase/remote-config-types@0.5.0':
    resolution: {integrity: sha512-vI3bqLoF14L/GchtgayMiFpZJF+Ao3uR8WCde0XpYNkSokDpAKca2DxvcfeZv7lZUqkUwQPL2wD83d3vQ4vvrg==}

  '@firebase/remote-config@0.8.2':
    resolution: {integrity: sha512-5EXqOThV4upjK9D38d/qOSVwOqRhemlaOFk9vCkMNNALeIlwr+4pLjtLNo4qoY8etQmU/1q4aIATE9N8PFqg0g==}
    peerDependencies:
      '@firebase/app': 0.x

  '@firebase/storage-compat@0.4.2':
    resolution: {integrity: sha512-R+aB38wxCH5zjIO/xu9KznI7fgiPuZAG98uVm1NcidHyyupGgIDLKigGmRGBZMnxibe/m2oxNKoZpfEbUX2aQQ==}
    engines: {node: '>=20.0.0'}
    peerDependencies:
      '@firebase/app-compat': 0.x

  '@firebase/storage-types@0.8.3':
    resolution: {integrity: sha512-+Muk7g9uwngTpd8xn9OdF/D48uiQ7I1Fae7ULsWPuKoCH3HU7bfFPhxtJYzyhjdniowhuDpQcfPmuNRAqZEfvg==}
    peerDependencies:
      '@firebase/app-types': 0.x
      '@firebase/util': 1.x

  '@firebase/storage@0.14.2':
    resolution: {integrity: sha512-o/culaTeJ8GRpKXRJov21rux/n9dRaSOWLebyatFP2sqEdCxQPjVA1H9Z2fzYwQxMIU0JVmC7SPPmU11v7L6vQ==}
    engines: {node: '>=20.0.0'}
    peerDependencies:
      '@firebase/app': 0.x

  '@firebase/util@1.15.0':
    resolution: {integrity: sha512-AmWf3cHAOMbrCPG4xdPKQaj5iHnyYfyLKZxwz+Xf55bqKbpAmcYifB4jQinT2W9XhDRHISOoPyBOariJpCG6FA==}
    engines: {node: '>=20.0.0'}

  '@firebase/webchannel-wrapper@1.0.5':
    resolution: {integrity: sha512-+uGNN7rkfn41HLO0vekTFhTxk61eKa8mTpRGLO0QSqlQdKvIoGAvLp3ppdVIWbTGYJWM6Kp0iN+PjMIOcnVqTw==}

  '@fortawesome/fontawesome-free@7.2.0':
    resolution: {integrity: sha512-3DguDv/oUE+7vjMeTSOjCSG+KeawgVQOHrKRnvUuqYh1mfArrh7s+s8hXW3e4RerBA1+Wh+hBqf8sJNpqNrBWg==}
    engines: {node: '>=6'}

  '@grpc/grpc-js@1.9.15':
    resolution: {integrity: sha512-nqE7Hc0AzI+euzUwDAy0aY5hCp10r734gMGRdU+qOPX0XSceI2ULrcXB5U2xSc5VkWwalCj4M7GzCAygZl2KoQ==}
    engines: {node: ^8.13.0 || >=10.10.0}

  '@grpc/proto-loader@0.7.15':
    resolution: {integrity: sha512-tMXdRCfYVixjuFK+Hk0Q1s38gV9zDiDJfWL3h1rv4Qc39oILCu1TRTDt7+fGUI8K4G1Fj125Hx/ru3azECWTyQ==}
    engines: {node: '>=6'}
    hasBin: true

  '@napi-rs/wasm-runtime@1.1.2':
    resolution: {integrity: sha512-sNXv5oLJ7ob93xkZ1XnxisYhGYXfaG9f65/ZgYuAu3qt7b3NadcOEhLvx28hv31PgX8SZJRYrAIPQilQmFpLVw==}
    peerDependencies:
      '@emnapi/core': ^1.7.1
      '@emnapi/runtime': ^1.7.1

  '@oxc-project/types@0.123.0':
    resolution: {integrity: sha512-YtECP/y8Mj1lSHiUWGSRzy/C6teUKlS87dEfuVKT09LgQbUsBW1rNg+MiJ4buGu3yuADV60gbIvo9/HplA56Ew==}

  '@protobufjs/aspromise@1.1.2':
    resolution: {integrity: sha512-j+gKExEuLmKwvz3OgROXtrJ2UG2x8Ch2YZUxahh+s1F2HZ+wAceUNLkvy6zKCPVRkU++ZWQrdxsUeQXmcg4uoQ==}

  '@protobufjs/base64@1.1.2':
    resolution: {integrity: sha512-AZkcAA5vnN/v4PDqKyMR5lx7hZttPDgClv83E//FMNhR2TMcLUhfRUBHCmSl0oi9zMgDDqRUJkSxO3wm85+XLg==}

  '@protobufjs/codegen@2.0.4':
    resolution: {integrity: sha512-YyFaikqM5sH0ziFZCN3xDC7zeGaB/d0IUb9CATugHWbd1FRFwWwt4ld4OYMPWu5a3Xe01mGAULCdqhMlPl29Jg==}

  '@protobufjs/eventemitter@1.1.0':
    resolution: {integrity: sha512-j9ednRT81vYJ9OfVuXG6ERSTdEL1xVsNgqpkxMsbIabzSo3goCjDIveeGv5d03om39ML71RdmrGNjG5SReBP/Q==}

  '@protobufjs/fetch@1.1.0':
    resolution: {integrity: sha512-lljVXpqXebpsijW71PZaCYeIcE5on1w5DlQy5WH6GLbFryLUrBD4932W/E2BSpfRJWseIL4v/KPgBFxDOIdKpQ==}

  '@protobufjs/float@1.0.2':
    resolution: {integrity: sha512-Ddb+kVXlXst9d+R9PfTIxh1EdNkgoRe5tOX6t01f1lYWOvJnSPDBlG241QLzcyPdoNTsblLUdujGSE4RzrTZGQ==}

  '@protobufjs/inquire@1.1.0':
    resolution: {integrity: sha512-kdSefcPdruJiFMVSbn801t4vFK7KB/5gd2fYvrxhuJYg8ILrmn9SKSX2tZdV6V+ksulWqS7aXjBcRXl3wHoD9Q==}

  '@protobufjs/path@1.1.2':
    resolution: {integrity: sha512-6JOcJ5Tm08dOHAbdR3GrvP+yUUfkjG5ePsHYczMFLq3ZmMkAD98cDgcT2iA1lJ9NVwFd4tH/iSSoe44YWkltEA==}

  '@protobufjs/pool@1.1.0':
    resolution: {integrity: sha512-0kELaGSIDBKvcgS4zkjz1PeddatrjYcmMWOlAuAPwAeccUrPHdUqo/J6LiymHHEiJT5NrF1UVwxY14f+fy4WQw==}

  '@protobufjs/utf8@1.1.0':
    resolution: {integrity: sha512-Vvn3zZrhQZkkBE8LSuW3em98c0FwgO4nxzv6OdSxPKJIEKY2bGbHn+mhGIPerzI4twdxaP8/0+06HBpwf345Lw==}

  '@rolldown/binding-android-arm64@1.0.0-rc.13':
    resolution: {integrity: sha512-5ZiiecKH2DXAVJTNN13gNMUcCDg4Jy8ZjbXEsPnqa248wgOVeYRX0iqXXD5Jz4bI9BFHgKsI2qmyJynstbmr+g==}
    engines: {node: ^20.19.0 || >=22.12.0}
    cpu: [arm64]
    os: [android]

  '@rolldown/binding-darwin-arm64@1.0.0-rc.13':
    resolution: {integrity: sha512-tz/v/8G77seu8zAB3A5sK3UFoOl06zcshEzhUO62sAEtrEuW/H1CcyoupOrD+NbQJytYgA4CppXPzlrmp4JZKA==}
    engines: {node: ^20.19.0 || >=22.12.0}
    cpu: [arm64]
    os: [darwin]

  '@rolldown/binding-darwin-x64@1.0.0-rc.13':
    resolution: {integrity: sha512-8DakphqOz8JrMYWTJmWA+vDJxut6LijZ8Xcdc4flOlAhU7PNVwo2MaWBF9iXjJAPo5rC/IxEFZDhJ3GC7NHvug==}
    engines: {node: ^20.19.0 || >=22.12.0}
    cpu: [x64]
    os: [darwin]

  '@rolldown/binding-freebsd-x64@1.0.0-rc.13':
    resolution: {integrity: sha512-4wBQFfjDuXYN/SVI8inBF3Aa+isq40rc6VMFbk5jcpolUBTe5cYnMsHZ51nFWsx3PVyyNN3vgoESki0Hmr/4BA==}
    engines: {node: ^20.19.0 || >=22.12.0}
    cpu: [x64]
    os: [freebsd]

  '@rolldown/binding-linux-arm-gnueabihf@1.0.0-rc.13':
    resolution: {integrity: sha512-JW/e4yPIXLms+jmnbwwy5LA/LxVwZUWLN8xug+V200wzaVi5TEGIWQlh8o91gWYFxW609euI98OCCemmWGuPrw==}
    engines: {node: ^20.19.0 || >=22.12.0}
    cpu: [arm]
    os: [linux]

  '@rolldown/binding-linux-arm64-gnu@1.0.0-rc.13':
    resolution: {integrity: sha512-ZfKWpXiUymDnavepCaM6KG/uGydJ4l2nBmMxg60Ci4CbeefpqjPWpfaZM7PThOhk2dssqBAcwLc6rAyr0uTdXg==}
    engines: {node: ^20.19.0 || >=22.12.0}
    cpu: [arm64]
    os: [linux]
    libc: [glibc]

  '@rolldown/binding-linux-arm64-musl@1.0.0-rc.13':
    resolution: {integrity: sha512-bmRg3O6Z0gq9yodKKWCIpnlH051sEfdVwt+6m5UDffAQMUUqU0xjnQqqAUm+Gu7ofAAly9DqiQDtKu2nPDEABA==}
    engines: {node: ^20.19.0 || >=22.12.0}
    cpu: [arm64]
    os: [linux]
    libc: [musl]

  '@rolldown/binding-linux-ppc64-gnu@1.0.0-rc.13':
    resolution: {integrity: sha512-8Wtnbw4k7pMYN9B/mOEAsQ8HOiq7AZ31Ig4M9BKn2So4xRaFEhtCSa4ZJaOutOWq50zpgR4N5+L/opnlaCx8wQ==}
    engines: {node: ^20.19.0 || >=22.12.0}
    cpu: [ppc64]
    os: [linux]
    libc: [glibc]

  '@rolldown/binding-linux-s390x-gnu@1.0.0-rc.13':
    resolution: {integrity: sha512-D/0Nlo8mQuxSMohNJUF2lDXWRsFDsHldfRRgD9bRgktj+EndGPj4DOV37LqDKPYS+osdyhZEH7fTakTAEcW7qg==}
    engines: {node: ^20.19.0 || >=22.12.0}
    cpu: [s390x]
    os: [linux]
    libc: [glibc]

  '@rolldown/binding-linux-x64-gnu@1.0.0-rc.13':
    resolution: {integrity: sha512-eRrPvat2YaVQcwwKi/JzOP6MKf1WRnOCr+VaI3cTWz3ZoLcP/654z90lVCJ4dAuMEpPdke0n+qyAqXDZdIC4rA==}
    engines: {node: ^20.19.0 || >=22.12.0}
    cpu: [x64]
    os: [linux]
    libc: [glibc]

  '@rolldown/binding-linux-x64-musl@1.0.0-rc.13':
    resolution: {integrity: sha512-PsdONiFRp8hR8KgVjTWjZ9s7uA3uueWL0t74/cKHfM4dR5zXYv4AjB8BvA+QDToqxAFg4ZkcVEqeu5F7inoz5w==}
    engines: {node: ^20.19.0 || >=22.12.0}
    cpu: [x64]
    os: [linux]
    libc: [musl]

  '@rolldown/binding-openharmony-arm64@1.0.0-rc.13':
    resolution: {integrity: sha512-hCNXgC5dI3TVOLrPT++PKFNZ+1EtS0mLQwfXXXSUD/+rGlB65gZDwN/IDuxLpQP4x8RYYHqGomlUXzpO8aVI2w==}
    engines: {node: ^20.19.0 || >=22.12.0}
    cpu: [arm64]
    os: [openharmony]

  '@rolldown/binding-wasm32-wasi@1.0.0-rc.13':
    resolution: {integrity: sha512-viLS5C5et8NFtLWw9Sw3M/w4vvnVkbWkO7wSNh3C+7G1+uCkGpr6PcjNDSFcNtmXY/4trjPBqUfcOL+P3sWy/g==}
    engines: {node: '>=14.0.0'}
    cpu: [wasm32]

  '@rolldown/binding-win32-arm64-msvc@1.0.0-rc.13':
    resolution: {integrity: sha512-Fqa3Tlt1xL4wzmAYxGNFV36Hb+VfPc9PYU+E25DAnswXv3ODDu/yyWjQDbXMo5AGWkQVjLgQExuVu8I/UaZhPQ==}
    engines: {node: ^20.19.0 || >=22.12.0}
    cpu: [arm64]
    os: [win32]

  '@rolldown/binding-win32-x64-msvc@1.0.0-rc.13':
    resolution: {integrity: sha512-/pLI5kPkGEi44TDlnbio3St/5gUFeN51YWNAk/Gnv6mEQBOahRBh52qVFVBpmrnU01n2yysvBML9Ynu7K4kGAQ==}
    engines: {node: ^20.19.0 || >=22.12.0}
    cpu: [x64]
    os: [win32]

  '@rolldown/pluginutils@1.0.0-rc.13':
    resolution: {integrity: sha512-3ngTAv6F/Py35BsYbeeLeecvhMKdsKm4AoOETVhAA+Qc8nrA2I0kF7oa93mE9qnIurngOSpMnQ0x2nQY2FPviA==}

  '@tybys/wasm-util@0.10.1':
    resolution: {integrity: sha512-9tTaPJLSiejZKx+Bmog4uSubteqTvFrVrURwkmHixBo0G4seD0zUxp98E1DzUBJxLQ3NPwXrGKDiVjwx/DpPsg==}

  '@types/node@25.5.2':
    resolution: {integrity: sha512-tO4ZIRKNC+MDWV4qKVZe3Ql/woTnmHDr5JD8UI5hn2pwBrHEwOEMZK7WlNb5RKB6EoJ02gwmQS9OrjuFnZYdpg==}

  ansi-regex@5.0.1:
    resolution: {integrity: sha512-quJQXlTSUGL2LH9SUXo8VwsY4soanhgo6LNSm84E1LBcE8s3O0wpdiRzyR9z/ZZJMlMWv37qOOb9pdJlMUEKFQ==}
    engines: {node: '>=8'}

  ansi-styles@4.3.0:
    resolution: {integrity: sha512-zbB9rCJAT1rbjiVDb2hqKFHNYLxgtk8NURxZ3IZwD3F6NtxbXZQCnnSi1Lkx+IDohdPlFp222wVALIheZJQSEg==}
    engines: {node: '>=8'}

  cliui@8.0.1:
    resolution: {integrity: sha512-BSeNnyus75C4//NQ9gQt1/csTXyo/8Sb+afLAkzAptFuMsod9HFokGNudZpi/oQV73hnVK+sR+5PVRMd+Dr7YQ==}
    engines: {node: '>=12'}

  color-convert@2.0.1:
    resolution: {integrity: sha512-RRECPsj7iu/xb5oKYcsFHSppFNnsj/52OVTRKb4zP5onXwVF3zVmmToNcOfGC+CRDpfK/U584fMg38ZHCaElKQ==}
    engines: {node: '>=7.0.0'}

  color-name@1.1.4:
    resolution: {integrity: sha512-dOy+3AuW3a2wNbZHIuMZpTcgjGuLU/uBL/ubcZF9OXbDo8ff4O8yVp5Bf0efS8uEoYo5q4Fx7dY9OgQGXgAsQA==}

  cross-env@7.0.3:
    resolution: {integrity: sha512-+/HKd6EgcQCJGh2PSjZuUitQBQynKor4wrFbRg4DtAgS1aWO+gU52xpH7M9ScGgXSYmAVS9bIJ8EzuaGw0oNAw==}
    engines: {node: '>=10.14', npm: '>=6', yarn: '>=1'}
    hasBin: true

  cross-spawn@7.0.6:
    resolution: {integrity: sha512-uV2QOWP2nWzsy2aMp8aRibhi9dlzF5Hgh5SHaB9OiTGEyDTiJJyx0uy51QXdyWbtAHNua4XJzUKca3OzKUd3vA==}
    engines: {node: '>= 8'}

  detect-libc@2.1.2:
    resolution: {integrity: sha512-Btj2BOOO83o3WyH59e8MgXsxEQVcarkUOpEYrubB0urwnN10yQ364rsiByU11nZlqWYZm05i/of7io4mzihBtQ==}
    engines: {node: '>=8'}

  emoji-regex@8.0.0:
    resolution: {integrity: sha512-MSjYzcWNOA0ewAHpz0MxpYFvwg6yjy1NG3xteoqz644VCo/RPgnr1/GGt+ic3iJTzQ8Eu3TdM14SawnVUmGE6A==}

  escalade@3.2.0:
    resolution: {integrity: sha512-WUj2qlxaQtO4g6Pq5c29GTcWGDyd8itL8zTlipgECz3JesAiiOKotd8JU6otB3PACgG6xkJUyVhboMS+bje/jA==}
    engines: {node: '>=6'}

  faye-websocket@0.11.4:
    resolution: {integrity: sha512-CzbClwlXAuiRQAlUyfqPgvPoNKTckTPGfwZV4ZdAhVcP2lh9KUxJg2b5GkE7XbjKQ3YJnQ9z6D9ntLAlB+tP8g==}
    engines: {node: '>=0.8.0'}

  fdir@6.5.0:
    resolution: {integrity: sha512-tIbYtZbucOs0BRGqPJkshJUYdL+SDH7dVM8gjy+ERp3WAUjLEFJE+02kanyHtwjWOnwrKYBiwAmM0p4kLJAnXg==}
    engines: {node: '>=12.0.0'}
    peerDependencies:
      picomatch: ^3 || ^4
    peerDependenciesMeta:
      picomatch:
        optional: true

  firebase@12.11.0:
    resolution: {integrity: sha512-W9f3Y+cgQYgF9gvCGxt0upec8zwAtiQVcHuU8MfzUIgVU/9fRQWtu48Geiv1lsigtBz9QHML++Km9xAKO5GB5Q==}

  fsevents@2.3.3:
    resolution: {integrity: sha512-5xoDfX+fL7faATnagmWPpbFtwh/R77WmMMqqHGS65C3vvB0YHrgF+B1YmZ3441tMj5n63k0212XNoJwzlhffQw==}
    engines: {node: ^8.16.0 || ^10.6.0 || >=11.0.0}
    os: [darwin]

  get-caller-file@2.0.5:
    resolution: {integrity: sha512-DyFP3BM/3YHTQOCUL/w0OZHR0lpKeGrxotcHWcqNEdnltqFwXVfhEBQ94eIo34AfQpo0rGki4cyIiftY06h2Fg==}
    engines: {node: 6.* || 8.* || >= 10.*}

  http-parser-js@0.5.10:
    resolution: {integrity: sha512-Pysuw9XpUq5dVc/2SMHpuTY01RFl8fttgcyunjL7eEMhGM3cI4eOmiCycJDVCo/7O7ClfQD3SaI6ftDzqOXYMA==}

  idb@7.1.1:
    resolution: {integrity: sha512-gchesWBzyvGHRO9W8tzUWFDycow5gwjvFKfyV9FF32Y7F50yZMp7mP+T2mJIWFx49zicqyC4uefHM17o6xKIVQ==}

  is-fullwidth-code-point@3.0.0:
    resolution: {integrity: sha512-zymm5+u+sCsSWyD9qNaejV3DFvhCKclKdizYaJUuHA83RLjb7nSuGnddCHGv0hk+KY7BMAlsWeK4Ueg6EV6XQg==}
    engines: {node: '>=8'}

  isexe@2.0.0:
    resolution: {integrity: sha512-RHxMLp9lnKHGHRng9QFhRCMbYAcVpn69smSGcq3f36xjgVVWThj4qqLbTLlq7Ssj8B+fIQ1EuCEGI2lKsyQeIw==}

  lightningcss-android-arm64@1.32.0:
    resolution: {integrity: sha512-YK7/ClTt4kAK0vo6w3X+Pnm0D2cf2vPHbhOXdoNti1Ga0al1P4TBZhwjATvjNwLEBCnKvjJc2jQgHXH0NEwlAg==}
    engines: {node: '>= 12.0.0'}
    cpu: [arm64]
    os: [android]

  lightningcss-darwin-arm64@1.32.0:
    resolution: {integrity: sha512-RzeG9Ju5bag2Bv1/lwlVJvBE3q6TtXskdZLLCyfg5pt+HLz9BqlICO7LZM7VHNTTn/5PRhHFBSjk5lc4cmscPQ==}
    engines: {node: '>= 12.0.0'}
    cpu: [arm64]
    os: [darwin]

  lightningcss-darwin-x64@1.32.0:
    resolution: {integrity: sha512-U+QsBp2m/s2wqpUYT/6wnlagdZbtZdndSmut/NJqlCcMLTWp5muCrID+K5UJ6jqD2BFshejCYXniPDbNh73V8w==}
    engines: {node: '>= 12.0.0'}
    cpu: [x64]
    os: [darwin]

  lightningcss-freebsd-x64@1.32.0:
    resolution: {integrity: sha512-JCTigedEksZk3tHTTthnMdVfGf61Fky8Ji2E4YjUTEQX14xiy/lTzXnu1vwiZe3bYe0q+SpsSH/CTeDXK6WHig==}
    engines: {node: '>= 12.0.0'}
    cpu: [x64]
    os: [freebsd]

  lightningcss-linux-arm-gnueabihf@1.32.0:
    resolution: {integrity: sha512-x6rnnpRa2GL0zQOkt6rts3YDPzduLpWvwAF6EMhXFVZXD4tPrBkEFqzGowzCsIWsPjqSK+tyNEODUBXeeVHSkw==}
    engines: {node: '>= 12.0.0'}
    cpu: [arm]
    os: [linux]

  lightningcss-linux-arm64-gnu@1.32.0:
    resolution: {integrity: sha512-0nnMyoyOLRJXfbMOilaSRcLH3Jw5z9HDNGfT/gwCPgaDjnx0i8w7vBzFLFR1f6CMLKF8gVbebmkUN3fa/kQJpQ==}
    engines: {node: '>= 12.0.0'}
    cpu: [arm64]
    os: [linux]
    libc: [glibc]

  lightningcss-linux-arm64-musl@1.32.0:
    resolution: {integrity: sha512-UpQkoenr4UJEzgVIYpI80lDFvRmPVg6oqboNHfoH4CQIfNA+HOrZ7Mo7KZP02dC6LjghPQJeBsvXhJod/wnIBg==}
    engines: {node: '>= 12.0.0'}
    cpu: [arm64]
    os: [linux]
    libc: [musl]

  lightningcss-linux-x64-gnu@1.32.0:
    resolution: {integrity: sha512-V7Qr52IhZmdKPVr+Vtw8o+WLsQJYCTd8loIfpDaMRWGUZfBOYEJeyJIkqGIDMZPwPx24pUMfwSxxI8phr/MbOA==}
    engines: {node: '>= 12.0.0'}
    cpu: [x64]
    os: [linux]
    libc: [glibc]

  lightningcss-linux-x64-musl@1.32.0:
    resolution: {integrity: sha512-bYcLp+Vb0awsiXg/80uCRezCYHNg1/l3mt0gzHnWV9XP1W5sKa5/TCdGWaR/zBM2PeF/HbsQv/j2URNOiVuxWg==}
    engines: {node: '>= 12.0.0'}
    cpu: [x64]
    os: [linux]
    libc: [musl]

  lightningcss-win32-arm64-msvc@1.32.0:
    resolution: {integrity: sha512-8SbC8BR40pS6baCM8sbtYDSwEVQd4JlFTOlaD3gWGHfThTcABnNDBda6eTZeqbofalIJhFx0qKzgHJmcPTnGdw==}
    engines: {node: '>= 12.0.0'}
    cpu: [arm64]
    os: [win32]

  lightningcss-win32-x64-msvc@1.32.0:
    resolution: {integrity: sha512-Amq9B/SoZYdDi1kFrojnoqPLxYhQ4Wo5XiL8EVJrVsB8ARoC1PWW6VGtT0WKCemjy8aC+louJnjS7U18x3b06Q==}
    engines: {node: '>= 12.0.0'}
    cpu: [x64]
    os: [win32]

  lightningcss@1.32.0:
    resolution: {integrity: sha512-NXYBzinNrblfraPGyrbPoD19C1h9lfI/1mzgWYvXUTe414Gz/X1FD2XBZSZM7rRTrMA8JL3OtAaGifrIKhQ5yQ==}
    engines: {node: '>= 12.0.0'}

  lodash.camelcase@4.3.0:
    resolution: {integrity: sha512-TwuEnCnxbc3rAvhf/LbG7tJUDzhqXyFnv3dtzLOPgCG/hODL7WFnsbwktkD7yUV0RrreP/l1PALq/YSg6VvjlA==}

  long@5.3.2:
    resolution: {integrity: sha512-mNAgZ1GmyNhD7AuqnTG3/VQ26o760+ZYBPKjPvugO8+nLbYfX6TVpJPseBvopbdY+qpZ/lKUnmEc1LeZYS3QAA==}

  nanoid@3.3.11:
    resolution: {integrity: sha512-N8SpfPUnUp1bK+PMYW8qSWdl9U+wwNWI4QKxOYDy9JAro3WMX7p2OeVRF9v+347pnakNevPmiHhNmZ2HbFA76w==}
    engines: {node: ^10 || ^12 || ^13.7 || ^14 || >=15.0.1}
    hasBin: true

  path-key@3.1.1:
    resolution: {integrity: sha512-ojmeN0qd+y0jszEtoY48r0Peq5dwMEkIlCOu6Q5f41lfkswXuKtYrhgoTpLnyIcHm24Uhqx+5Tqm2InSwLhE6Q==}
    engines: {node: '>=8'}

  picocolors@1.1.1:
    resolution: {integrity: sha512-xceH2snhtb5M9liqDsmEw56le376mTZkEX/jEb/RxNFyegNul7eNslCXP9FDj/Lcu0X8KEyMceP2ntpaHrDEVA==}

  picomatch@4.0.4:
    resolution: {integrity: sha512-QP88BAKvMam/3NxH6vj2o21R6MjxZUAd6nlwAS/pnGvN9IVLocLHxGYIzFhg6fUQ+5th6P4dv4eW9jX3DSIj7A==}
    engines: {node: '>=12'}

  postcss@8.5.8:
    resolution: {integrity: sha512-OW/rX8O/jXnm82Ey1k44pObPtdblfiuWnrd8X7GJ7emImCOstunGbXUpp7HdBrFQX6rJzn3sPT397Wp5aCwCHg==}
    engines: {node: ^10 || ^12 || >=14}

  protobufjs@7.5.4:
    resolution: {integrity: sha512-CvexbZtbov6jW2eXAvLukXjXUW1TzFaivC46BpWc/3BpcCysb5Vffu+B3XHMm8lVEuy2Mm4XGex8hBSg1yapPg==}
    engines: {node: '>=12.0.0'}

  require-directory@2.1.1:
    resolution: {integrity: sha512-fGxEI7+wsG9xrvdjsrlmL22OMTTiHRwAMroiEeMgq8gzoLC/PQr7RsRDSTLUg/bZAZtF+TVIkHc6/4RIKrui+Q==}
    engines: {node: '>=0.10.0'}

  rolldown@1.0.0-rc.13:
    resolution: {integrity: sha512-bvVj8YJmf0rq4pSFmH7laLa6pYrhghv3PRzrCdRAr23g66zOKVJ4wkvFtgohtPLWmthgg8/rkaqRHrpUEh0Zbw==}
    engines: {node: ^20.19.0 || >=22.12.0}
    hasBin: true

  safe-buffer@5.2.1:
    resolution: {integrity: sha512-rp3So07KcdmmKbGvgaNxQSJr7bGVSVk5S9Eq1F+ppbRo70+YeaDxkw5Dd8NPN+GD6bjnYm2VuPuCXmpuYvmCXQ==}

  shebang-command@2.0.0:
    resolution: {integrity: sha512-kHxr2zZpYtdmrN1qDjrrX/Z1rR1kG8Dx+gkpK1G4eXmvXswmcE1hTWBWYUzlraYw1/yZp6YuDY77YtvbN0dmDA==}
    engines: {node: '>=8'}

  shebang-regex@3.0.0:
    resolution: {integrity: sha512-7++dFhtcx3353uBaq8DDR4NuxBetBzC7ZQOhmTQInHEd6bSrXdiEyzCvG07Z44UYdLShWUyXt5M/yhz8ekcb1A==}
    engines: {node: '>=8'}

  source-map-js@1.2.1:
    resolution: {integrity: sha512-UXWMKhLOwVKb728IUtQPXxfYU+usdybtUrK/8uGE8CQMvrhOpwvzDBwj0QhSL7MQc7vIsISBG8VQ8+IDQxpfQA==}
    engines: {node: '>=0.10.0'}

  string-width@4.2.3:
    resolution: {integrity: sha512-wKyQRQpjJ0sIp62ErSZdGsjMJWsap5oRNihHhu6G7JVO/9jIB6UyevL+tXuOqrng8j/cxKTWyWUwvSTriiZz/g==}
    engines: {node: '>=8'}

  strip-ansi@6.0.1:
    resolution: {integrity: sha512-Y38VPSHcqkFrCpFnQ9vuSXmquuv5oXOKpGeT6aGrr3o3Gc9AlVa6JBfUSOCnbxGGZF+/0ooI7KrPuUSztUdU5A==}
    engines: {node: '>=8'}

  tinyglobby@0.2.15:
    resolution: {integrity: sha512-j2Zq4NyQYG5XMST4cbs02Ak8iJUdxRM0XI5QyxXuZOzKOINmWurp3smXu3y5wDcJrptwpSjgXHzIQxR0omXljQ==}
    engines: {node: '>=12.0.0'}

  tslib@2.8.1:
    resolution: {integrity: sha512-oJFu94HQb+KVduSUQL7wnpmqnfmLsOA/nAh6b6EH0wCEoK0/mPeXU6c3wKDV83MkOuHPRHtSXKKU99IBazS/2w==}

  undici-types@7.18.2:
    resolution: {integrity: sha512-AsuCzffGHJybSaRrmr5eHr81mwJU3kjw6M+uprWvCXiNeN9SOGwQ3Jn8jb8m3Z6izVgknn1R0FTCEAP2QrLY/w==}

  vite@8.0.6:
    resolution: {integrity: sha512-jeOXoY6N8rOfit/mZADMd0misLqjRdWBB3/S23ZQNuPcbVsfMBJutWD8b4ftdczMOsNyMBnKro0Z1Kt0HIqq5Q==}
    engines: {node: ^20.19.0 || >=22.12.0}
    hasBin: true
    peerDependencies:
      '@types/node': ^20.19.0 || >=22.12.0
      '@vitejs/devtools': ^0.1.0
      esbuild: ^0.27.0 || ^0.28.0
      jiti: '>=1.21.0'
      less: ^4.0.0
      sass: ^1.70.0
      sass-embedded: ^1.70.0
      stylus: '>=0.54.8'
      sugarss: ^5.0.0
      terser: ^5.16.0
      tsx: ^4.8.1
      yaml: ^2.4.2
    peerDependenciesMeta:
      '@types/node':
        optional: true
      '@vitejs/devtools':
        optional: true
      esbuild:
        optional: true
      jiti:
        optional: true
      less:
        optional: true
      sass:
        optional: true
      sass-embedded:
        optional: true
      stylus:
        optional: true
      sugarss:
        optional: true
      terser:
        optional: true
      tsx:
        optional: true
      yaml:
        optional: true

  web-vitals@4.2.4:
    resolution: {integrity: sha512-r4DIlprAGwJ7YM11VZp4R884m0Vmgr6EAKe3P+kO0PPj3Unqyvv59rczf6UiGcb9Z8QxZVcqKNwv/g0WNdWwsw==}

  websocket-driver@0.7.4:
    resolution: {integrity: sha512-b17KeDIQVjvb0ssuSDF2cYXSg2iztliJ4B9WdsuB6J952qCPKmnVq4DyW5motImXHDC1cBT/1UezrJVsKw5zjg==}
    engines: {node: '>=0.8.0'}

  websocket-extensions@0.1.4:
    resolution: {integrity: sha512-OqedPIGOfsDlo31UNwYbCFMSaO9m9G/0faIHj5/dZFDMFqPTcx6UwqyOy3COEaEOg/9VsGIpdqn62W5KhoKSpg==}
    engines: {node: '>=0.8.0'}

  which@2.0.2:
    resolution: {integrity: sha512-BLI3Tl1TW3Pvl70l3yq3Y64i+awpwXqsGBYWkkqMtnbXgrMD+yj7rhW0kuEDxzJaYXGjEW5ogapKNMEKNMjibA==}
    engines: {node: '>= 8'}
    hasBin: true

  wrap-ansi@7.0.0:
    resolution: {integrity: sha512-YVGIj2kamLSTxw6NsZjoBxfSwsn0ycdesmc4p+Q21c5zPuZ1pl+NfxVdxPtdHvmNVOQ6XSYG4AUtyt/Fi7D16Q==}
    engines: {node: '>=10'}

  y18n@5.0.8:
    resolution: {integrity: sha512-0pfFzegeDWJHJIAmTLRP2DwHjdF5s7jo9tuztdQxAhINCdvS+3nGINqPd00AphqJR/0LhANUS6/+7SCb98YOfA==}
    engines: {node: '>=10'}

  yargs-parser@21.1.1:
    resolution: {integrity: sha512-tVpsJW7DdjecAiFpbIB1e3qxIQsE6NoPc5/eTdrbbIC4h0LVsWhnoa3g+m2HclBIujHzsxZ4VJVA+GUuc2/LBw==}
    engines: {node: '>=12'}

  yargs@17.7.2:
    resolution: {integrity: sha512-7dSzzRQ++CKnNI/krKnYRV7JKKPUXMEh61soaHKg9mrWEhzFWhFnxPxGl+69cD1Ou63C13NUPCnmIcrvqCuM6w==}
    engines: {node: '>=12'}

snapshots:

  '@emnapi/core@1.9.1':
    dependencies:
      '@emnapi/wasi-threads': 1.2.0
      tslib: 2.8.1
    optional: true

  '@emnapi/runtime@1.9.1':
    dependencies:
      tslib: 2.8.1
    optional: true

  '@emnapi/wasi-threads@1.2.0':
    dependencies:
      tslib: 2.8.1
    optional: true

  '@firebase/ai@2.10.0(@firebase/app-types@0.9.3)(@firebase/app@0.14.10)':
    dependencies:
      '@firebase/app': 0.14.10
      '@firebase/app-check-interop-types': 0.3.3
      '@firebase/app-types': 0.9.3
      '@firebase/component': 0.7.2
      '@firebase/logger': 0.5.0
      '@firebase/util': 1.15.0
      tslib: 2.8.1

  '@firebase/analytics-compat@0.2.27(@firebase/app-compat@0.5.10)(@firebase/app@0.14.10)':
    dependencies:
      '@firebase/analytics': 0.10.21(@firebase/app@0.14.10)
      '@firebase/analytics-types': 0.8.3
      '@firebase/app-compat': 0.5.10
      '@firebase/component': 0.7.2
      '@firebase/util': 1.15.0
      tslib: 2.8.1
    transitivePeerDependencies:
      - '@firebase/app'

  '@firebase/analytics-types@0.8.3': {}

  '@firebase/analytics@0.10.21(@firebase/app@0.14.10)':
    dependencies:
      '@firebase/app': 0.14.10
      '@firebase/component': 0.7.2
      '@firebase/installations': 0.6.21(@firebase/app@0.14.10)
      '@firebase/logger': 0.5.0
      '@firebase/util': 1.15.0
      tslib: 2.8.1

  '@firebase/app-check-compat@0.4.2(@firebase/app-compat@0.5.10)(@firebase/app@0.14.10)':
    dependencies:
      '@firebase/app-check': 0.11.2(@firebase/app@0.14.10)
      '@firebase/app-check-types': 0.5.3
      '@firebase/app-compat': 0.5.10
      '@firebase/component': 0.7.2
      '@firebase/logger': 0.5.0
      '@firebase/util': 1.15.0
      tslib: 2.8.1
    transitivePeerDependencies:
      - '@firebase/app'

  '@firebase/app-check-interop-types@0.3.3': {}

  '@firebase/app-check-types@0.5.3': {}

  '@firebase/app-check@0.11.2(@firebase/app@0.14.10)':
    dependencies:
      '@firebase/app': 0.14.10
      '@firebase/component': 0.7.2
      '@firebase/logger': 0.5.0
      '@firebase/util': 1.15.0
      tslib: 2.8.1

  '@firebase/app-compat@0.5.10':
    dependencies:
      '@firebase/app': 0.14.10
      '@firebase/component': 0.7.2
      '@firebase/logger': 0.5.0
      '@firebase/util': 1.15.0
      tslib: 2.8.1

  '@firebase/app-types@0.9.3': {}

  '@firebase/app@0.14.10':
    dependencies:
      '@firebase/component': 0.7.2
      '@firebase/logger': 0.5.0
      '@firebase/util': 1.15.0
      idb: 7.1.1
      tslib: 2.8.1

  '@firebase/auth-compat@0.6.4(@firebase/app-compat@0.5.10)(@firebase/app-types@0.9.3)(@firebase/app@0.14.10)':
    dependencies:
      '@firebase/app-compat': 0.5.10
      '@firebase/auth': 1.12.2(@firebase/app@0.14.10)
      '@firebase/auth-types': 0.13.0(@firebase/app-types@0.9.3)(@firebase/util@1.15.0)
      '@firebase/component': 0.7.2
      '@firebase/util': 1.15.0
      tslib: 2.8.1
    transitivePeerDependencies:
      - '@firebase/app'
      - '@firebase/app-types'
      - '@react-native-async-storage/async-storage'

  '@firebase/auth-interop-types@0.2.4': {}

  '@firebase/auth-types@0.13.0(@firebase/app-types@0.9.3)(@firebase/util@1.15.0)':
    dependencies:
      '@firebase/app-types': 0.9.3
      '@firebase/util': 1.15.0

  '@firebase/auth@1.12.2(@firebase/app@0.14.10)':
    dependencies:
      '@firebase/app': 0.14.10
      '@firebase/component': 0.7.2
      '@firebase/logger': 0.5.0
      '@firebase/util': 1.15.0
      tslib: 2.8.1

  '@firebase/component@0.7.2':
    dependencies:
      '@firebase/util': 1.15.0
      tslib: 2.8.1

  '@firebase/data-connect@0.5.0(@firebase/app@0.14.10)':
    dependencies:
      '@firebase/app': 0.14.10
      '@firebase/auth-interop-types': 0.2.4
      '@firebase/component': 0.7.2
      '@firebase/logger': 0.5.0
      '@firebase/util': 1.15.0
      tslib: 2.8.1

  '@firebase/database-compat@2.1.2':
    dependencies:
      '@firebase/component': 0.7.2
      '@firebase/database': 1.1.2
      '@firebase/database-types': 1.0.18
      '@firebase/logger': 0.5.0
      '@firebase/util': 1.15.0
      tslib: 2.8.1

  '@firebase/database-types@1.0.18':
    dependencies:
      '@firebase/app-types': 0.9.3
      '@firebase/util': 1.15.0

  '@firebase/database@1.1.2':
    dependencies:
      '@firebase/app-check-interop-types': 0.3.3
      '@firebase/auth-interop-types': 0.2.4
      '@firebase/component': 0.7.2
      '@firebase/logger': 0.5.0
      '@firebase/util': 1.15.0
      faye-websocket: 0.11.4
      tslib: 2.8.1

  '@firebase/firestore-compat@0.4.7(@firebase/app-compat@0.5.10)(@firebase/app-types@0.9.3)(@firebase/app@0.14.10)':
    dependencies:
      '@firebase/app-compat': 0.5.10
      '@firebase/component': 0.7.2
      '@firebase/firestore': 4.13.0(@firebase/app@0.14.10)
      '@firebase/firestore-types': 3.0.3(@firebase/app-types@0.9.3)(@firebase/util@1.15.0)
      '@firebase/util': 1.15.0
      tslib: 2.8.1
    transitivePeerDependencies:
      - '@firebase/app'
      - '@firebase/app-types'

  '@firebase/firestore-types@3.0.3(@firebase/app-types@0.9.3)(@firebase/util@1.15.0)':
    dependencies:
      '@firebase/app-types': 0.9.3
      '@firebase/util': 1.15.0

  '@firebase/firestore@4.13.0(@firebase/app@0.14.10)':
    dependencies:
      '@firebase/app': 0.14.10
      '@firebase/component': 0.7.2
      '@firebase/logger': 0.5.0
      '@firebase/util': 1.15.0
      '@firebase/webchannel-wrapper': 1.0.5
      '@grpc/grpc-js': 1.9.15
      '@grpc/proto-loader': 0.7.15
      tslib: 2.8.1

  '@firebase/functions-compat@0.4.3(@firebase/app-compat@0.5.10)(@firebase/app@0.14.10)':
    dependencies:
      '@firebase/app-compat': 0.5.10
      '@firebase/component': 0.7.2
      '@firebase/functions': 0.13.3(@firebase/app@0.14.10)
      '@firebase/functions-types': 0.6.3
      '@firebase/util': 1.15.0
      tslib: 2.8.1
    transitivePeerDependencies:
      - '@firebase/app'

  '@firebase/functions-types@0.6.3': {}

  '@firebase/functions@0.13.3(@firebase/app@0.14.10)':
    dependencies:
      '@firebase/app': 0.14.10
      '@firebase/app-check-interop-types': 0.3.3
      '@firebase/auth-interop-types': 0.2.4
      '@firebase/component': 0.7.2
      '@firebase/messaging-interop-types': 0.2.3
      '@firebase/util': 1.15.0
      tslib: 2.8.1

  '@firebase/installations-compat@0.2.21(@firebase/app-compat@0.5.10)(@firebase/app-types@0.9.3)(@firebase/app@0.14.10)':
    dependencies:
      '@firebase/app-compat': 0.5.10
      '@firebase/component': 0.7.2
      '@firebase/installations': 0.6.21(@firebase/app@0.14.10)
      '@firebase/installations-types': 0.5.3(@firebase/app-types@0.9.3)
      '@firebase/util': 1.15.0
      tslib: 2.8.1
    transitivePeerDependencies:
      - '@firebase/app'
      - '@firebase/app-types'

  '@firebase/installations-types@0.5.3(@firebase/app-types@0.9.3)':
    dependencies:
      '@firebase/app-types': 0.9.3

  '@firebase/installations@0.6.21(@firebase/app@0.14.10)':
    dependencies:
      '@firebase/app': 0.14.10
      '@firebase/component': 0.7.2
      '@firebase/util': 1.15.0
      idb: 7.1.1
      tslib: 2.8.1

  '@firebase/logger@0.5.0':
    dependencies:
      tslib: 2.8.1

  '@firebase/messaging-compat@0.2.25(@firebase/app-compat@0.5.10)(@firebase/app@0.14.10)':
    dependencies:
      '@firebase/app-compat': 0.5.10
      '@firebase/component': 0.7.2
      '@firebase/messaging': 0.12.25(@firebase/app@0.14.10)
      '@firebase/util': 1.15.0
      tslib: 2.8.1
    transitivePeerDependencies:
      - '@firebase/app'

  '@firebase/messaging-interop-types@0.2.3': {}

  '@firebase/messaging@0.12.25(@firebase/app@0.14.10)':
    dependencies:
      '@firebase/app': 0.14.10
      '@firebase/component': 0.7.2
      '@firebase/installations': 0.6.21(@firebase/app@0.14.10)
      '@firebase/messaging-interop-types': 0.2.3
      '@firebase/util': 1.15.0
      idb: 7.1.1
      tslib: 2.8.1

  '@firebase/performance-compat@0.2.24(@firebase/app-compat@0.5.10)(@firebase/app@0.14.10)':
    dependencies:
      '@firebase/app-compat': 0.5.10
      '@firebase/component': 0.7.2
      '@firebase/logger': 0.5.0
      '@firebase/performance': 0.7.11(@firebase/app@0.14.10)
      '@firebase/performance-types': 0.2.3
      '@firebase/util': 1.15.0
      tslib: 2.8.1
    transitivePeerDependencies:
      - '@firebase/app'

  '@firebase/performance-types@0.2.3': {}

  '@firebase/performance@0.7.11(@firebase/app@0.14.10)':
    dependencies:
      '@firebase/app': 0.14.10
      '@firebase/component': 0.7.2
      '@firebase/installations': 0.6.21(@firebase/app@0.14.10)
      '@firebase/logger': 0.5.0
      '@firebase/util': 1.15.0
      tslib: 2.8.1
      web-vitals: 4.2.4

  '@firebase/remote-config-compat@0.2.23(@firebase/app-compat@0.5.10)(@firebase/app@0.14.10)':
    dependencies:
      '@firebase/app-compat': 0.5.10
      '@firebase/component': 0.7.2
      '@firebase/logger': 0.5.0
      '@firebase/remote-config': 0.8.2(@firebase/app@0.14.10)
      '@firebase/remote-config-types': 0.5.0
      '@firebase/util': 1.15.0
      tslib: 2.8.1
    transitivePeerDependencies:
      - '@firebase/app'

  '@firebase/remote-config-types@0.5.0': {}

  '@firebase/remote-config@0.8.2(@firebase/app@0.14.10)':
    dependencies:
      '@firebase/app': 0.14.10
      '@firebase/component': 0.7.2
      '@firebase/installations': 0.6.21(@firebase/app@0.14.10)
      '@firebase/logger': 0.5.0
      '@firebase/util': 1.15.0
      tslib: 2.8.1

  '@firebase/storage-compat@0.4.2(@firebase/app-compat@0.5.10)(@firebase/app-types@0.9.3)(@firebase/app@0.14.10)':
    dependencies:
      '@firebase/app-compat': 0.5.10
      '@firebase/component': 0.7.2
      '@firebase/storage': 0.14.2(@firebase/app@0.14.10)
      '@firebase/storage-types': 0.8.3(@firebase/app-types@0.9.3)(@firebase/util@1.15.0)
      '@firebase/util': 1.15.0
      tslib: 2.8.1
    transitivePeerDependencies:
      - '@firebase/app'
      - '@firebase/app-types'

  '@firebase/storage-types@0.8.3(@firebase/app-types@0.9.3)(@firebase/util@1.15.0)':
    dependencies:
      '@firebase/app-types': 0.9.3
      '@firebase/util': 1.15.0

  '@firebase/storage@0.14.2(@firebase/app@0.14.10)':
    dependencies:
      '@firebase/app': 0.14.10
      '@firebase/component': 0.7.2
      '@firebase/util': 1.15.0
      tslib: 2.8.1

  '@firebase/util@1.15.0':
    dependencies:
      tslib: 2.8.1

  '@firebase/webchannel-wrapper@1.0.5': {}

  '@fortawesome/fontawesome-free@7.2.0': {}

  '@grpc/grpc-js@1.9.15':
    dependencies:
      '@grpc/proto-loader': 0.7.15
      '@types/node': 25.5.2

  '@grpc/proto-loader@0.7.15':
    dependencies:
      lodash.camelcase: 4.3.0
      long: 5.3.2
      protobufjs: 7.5.4
      yargs: 17.7.2

  '@napi-rs/wasm-runtime@1.1.2(@emnapi/core@1.9.1)(@emnapi/runtime@1.9.1)':
    dependencies:
      '@emnapi/core': 1.9.1
      '@emnapi/runtime': 1.9.1
      '@tybys/wasm-util': 0.10.1
    optional: true

  '@oxc-project/types@0.123.0': {}

  '@protobufjs/aspromise@1.1.2': {}

  '@protobufjs/base64@1.1.2': {}

  '@protobufjs/codegen@2.0.4': {}

  '@protobufjs/eventemitter@1.1.0': {}

  '@protobufjs/fetch@1.1.0':
    dependencies:
      '@protobufjs/aspromise': 1.1.2
      '@protobufjs/inquire': 1.1.0

  '@protobufjs/float@1.0.2': {}

  '@protobufjs/inquire@1.1.0': {}

  '@protobufjs/path@1.1.2': {}

  '@protobufjs/pool@1.1.0': {}

  '@protobufjs/utf8@1.1.0': {}

  '@rolldown/binding-android-arm64@1.0.0-rc.13':
    optional: true

  '@rolldown/binding-darwin-arm64@1.0.0-rc.13':
    optional: true

  '@rolldown/binding-darwin-x64@1.0.0-rc.13':
    optional: true

  '@rolldown/binding-freebsd-x64@1.0.0-rc.13':
    optional: true

  '@rolldown/binding-linux-arm-gnueabihf@1.0.0-rc.13':
    optional: true

  '@rolldown/binding-linux-arm64-gnu@1.0.0-rc.13':
    optional: true

  '@rolldown/binding-linux-arm64-musl@1.0.0-rc.13':
    optional: true

  '@rolldown/binding-linux-ppc64-gnu@1.0.0-rc.13':
    optional: true

  '@rolldown/binding-linux-s390x-gnu@1.0.0-rc.13':
    optional: true

  '@rolldown/binding-linux-x64-gnu@1.0.0-rc.13':
    optional: true

  '@rolldown/binding-linux-x64-musl@1.0.0-rc.13':
    optional: true

  '@rolldown/binding-openharmony-arm64@1.0.0-rc.13':
    optional: true

  '@rolldown/binding-wasm32-wasi@1.0.0-rc.13':
    dependencies:
      '@emnapi/core': 1.9.1
      '@emnapi/runtime': 1.9.1
      '@napi-rs/wasm-runtime': 1.1.2(@emnapi/core@1.9.1)(@emnapi/runtime@1.9.1)
    optional: true

  '@rolldown/binding-win32-arm64-msvc@1.0.0-rc.13':
    optional: true

  '@rolldown/binding-win32-x64-msvc@1.0.0-rc.13':
    optional: true

  '@rolldown/pluginutils@1.0.0-rc.13': {}

  '@tybys/wasm-util@0.10.1':
    dependencies:
      tslib: 2.8.1
    optional: true

  '@types/node@25.5.2':
    dependencies:
      undici-types: 7.18.2

  ansi-regex@5.0.1: {}

  ansi-styles@4.3.0:
    dependencies:
      color-convert: 2.0.1

  cliui@8.0.1:
    dependencies:
      string-width: 4.2.3
      strip-ansi: 6.0.1
      wrap-ansi: 7.0.0

  color-convert@2.0.1:
    dependencies:
      color-name: 1.1.4

  color-name@1.1.4: {}

  cross-env@7.0.3:
    dependencies:
      cross-spawn: 7.0.6

  cross-spawn@7.0.6:
    dependencies:
      path-key: 3.1.1
      shebang-command: 2.0.0
      which: 2.0.2

  detect-libc@2.1.2: {}

  emoji-regex@8.0.0: {}

  escalade@3.2.0: {}

  faye-websocket@0.11.4:
    dependencies:
      websocket-driver: 0.7.4

  fdir@6.5.0(picomatch@4.0.4):
    optionalDependencies:
      picomatch: 4.0.4

  firebase@12.11.0:
    dependencies:
      '@firebase/ai': 2.10.0(@firebase/app-types@0.9.3)(@firebase/app@0.14.10)
      '@firebase/analytics': 0.10.21(@firebase/app@0.14.10)
      '@firebase/analytics-compat': 0.2.27(@firebase/app-compat@0.5.10)(@firebase/app@0.14.10)
      '@firebase/app': 0.14.10
      '@firebase/app-check': 0.11.2(@firebase/app@0.14.10)
      '@firebase/app-check-compat': 0.4.2(@firebase/app-compat@0.5.10)(@firebase/app@0.14.10)
      '@firebase/app-compat': 0.5.10
      '@firebase/app-types': 0.9.3
      '@firebase/auth': 1.12.2(@firebase/app@0.14.10)
      '@firebase/auth-compat': 0.6.4(@firebase/app-compat@0.5.10)(@firebase/app-types@0.9.3)(@firebase/app@0.14.10)
      '@firebase/data-connect': 0.5.0(@firebase/app@0.14.10)
      '@firebase/database': 1.1.2
      '@firebase/database-compat': 2.1.2
      '@firebase/firestore': 4.13.0(@firebase/app@0.14.10)
      '@firebase/firestore-compat': 0.4.7(@firebase/app-compat@0.5.10)(@firebase/app-types@0.9.3)(@firebase/app@0.14.10)
      '@firebase/functions': 0.13.3(@firebase/app@0.14.10)
      '@firebase/functions-compat': 0.4.3(@firebase/app-compat@0.5.10)(@firebase/app@0.14.10)
      '@firebase/installations': 0.6.21(@firebase/app@0.14.10)
      '@firebase/installations-compat': 0.2.21(@firebase/app-compat@0.5.10)(@firebase/app-types@0.9.3)(@firebase/app@0.14.10)
      '@firebase/messaging': 0.12.25(@firebase/app@0.14.10)
      '@firebase/messaging-compat': 0.2.25(@firebase/app-compat@0.5.10)(@firebase/app@0.14.10)
      '@firebase/performance': 0.7.11(@firebase/app@0.14.10)
      '@firebase/performance-compat': 0.2.24(@firebase/app-compat@0.5.10)(@firebase/app@0.14.10)
      '@firebase/remote-config': 0.8.2(@firebase/app@0.14.10)
      '@firebase/remote-config-compat': 0.2.23(@firebase/app-compat@0.5.10)(@firebase/app@0.14.10)
      '@firebase/storage': 0.14.2(@firebase/app@0.14.10)
      '@firebase/storage-compat': 0.4.2(@firebase/app-compat@0.5.10)(@firebase/app-types@0.9.3)(@firebase/app@0.14.10)
      '@firebase/util': 1.15.0
    transitivePeerDependencies:
      - '@react-native-async-storage/async-storage'

  fsevents@2.3.3:
    optional: true

  get-caller-file@2.0.5: {}

  http-parser-js@0.5.10: {}

  idb@7.1.1: {}

  is-fullwidth-code-point@3.0.0: {}

  isexe@2.0.0: {}

  lightningcss-android-arm64@1.32.0:
    optional: true

  lightningcss-darwin-arm64@1.32.0:
    optional: true

  lightningcss-darwin-x64@1.32.0:
    optional: true

  lightningcss-freebsd-x64@1.32.0:
    optional: true

  lightningcss-linux-arm-gnueabihf@1.32.0:
    optional: true

  lightningcss-linux-arm64-gnu@1.32.0:
    optional: true

  lightningcss-linux-arm64-musl@1.32.0:
    optional: true

  lightningcss-linux-x64-gnu@1.32.0:
    optional: true

  lightningcss-linux-x64-musl@1.32.0:
    optional: true

  lightningcss-win32-arm64-msvc@1.32.0:
    optional: true

  lightningcss-win32-x64-msvc@1.32.0:
    optional: true

  lightningcss@1.32.0:
    dependencies:
      detect-libc: 2.1.2
    optionalDependencies:
      lightningcss-android-arm64: 1.32.0
      lightningcss-darwin-arm64: 1.32.0
      lightningcss-darwin-x64: 1.32.0
      lightningcss-freebsd-x64: 1.32.0
      lightningcss-linux-arm-gnueabihf: 1.32.0
      lightningcss-linux-arm64-gnu: 1.32.0
      lightningcss-linux-arm64-musl: 1.32.0
      lightningcss-linux-x64-gnu: 1.32.0
      lightningcss-linux-x64-musl: 1.32.0
      lightningcss-win32-arm64-msvc: 1.32.0
      lightningcss-win32-x64-msvc: 1.32.0

  lodash.camelcase@4.3.0: {}

  long@5.3.2: {}

  nanoid@3.3.11: {}

  path-key@3.1.1: {}

  picocolors@1.1.1: {}

  picomatch@4.0.4: {}

  postcss@8.5.8:
    dependencies:
      nanoid: 3.3.11
      picocolors: 1.1.1
      source-map-js: 1.2.1

  protobufjs@7.5.4:
    dependencies:
      '@protobufjs/aspromise': 1.1.2
      '@protobufjs/base64': 1.1.2
      '@protobufjs/codegen': 2.0.4
      '@protobufjs/eventemitter': 1.1.0
      '@protobufjs/fetch': 1.1.0
      '@protobufjs/float': 1.0.2
      '@protobufjs/inquire': 1.1.0
      '@protobufjs/path': 1.1.2
      '@protobufjs/pool': 1.1.0
      '@protobufjs/utf8': 1.1.0
      '@types/node': 25.5.2
      long: 5.3.2

  require-directory@2.1.1: {}

  rolldown@1.0.0-rc.13:
    dependencies:
      '@oxc-project/types': 0.123.0
      '@rolldown/pluginutils': 1.0.0-rc.13
    optionalDependencies:
      '@rolldown/binding-android-arm64': 1.0.0-rc.13
      '@rolldown/binding-darwin-arm64': 1.0.0-rc.13
      '@rolldown/binding-darwin-x64': 1.0.0-rc.13
      '@rolldown/binding-freebsd-x64': 1.0.0-rc.13
      '@rolldown/binding-linux-arm-gnueabihf': 1.0.0-rc.13
      '@rolldown/binding-linux-arm64-gnu': 1.0.0-rc.13
      '@rolldown/binding-linux-arm64-musl': 1.0.0-rc.13
      '@rolldown/binding-linux-ppc64-gnu': 1.0.0-rc.13
      '@rolldown/binding-linux-s390x-gnu': 1.0.0-rc.13
      '@rolldown/binding-linux-x64-gnu': 1.0.0-rc.13
      '@rolldown/binding-linux-x64-musl': 1.0.0-rc.13
      '@rolldown/binding-openharmony-arm64': 1.0.0-rc.13
      '@rolldown/binding-wasm32-wasi': 1.0.0-rc.13
      '@rolldown/binding-win32-arm64-msvc': 1.0.0-rc.13
      '@rolldown/binding-win32-x64-msvc': 1.0.0-rc.13

  safe-buffer@5.2.1: {}

  shebang-command@2.0.0:
    dependencies:
      shebang-regex: 3.0.0

  shebang-regex@3.0.0: {}

  source-map-js@1.2.1: {}

  string-width@4.2.3:
    dependencies:
      emoji-regex: 8.0.0
      is-fullwidth-code-point: 3.0.0
      strip-ansi: 6.0.1

  strip-ansi@6.0.1:
    dependencies:
      ansi-regex: 5.0.1

  tinyglobby@0.2.15:
    dependencies:
      fdir: 6.5.0(picomatch@4.0.4)
      picomatch: 4.0.4

  tslib@2.8.1: {}

  undici-types@7.18.2: {}

  vite@8.0.6(@types/node@25.5.2):
    dependencies:
      lightningcss: 1.32.0
      picomatch: 4.0.4
      postcss: 8.5.8
      rolldown: 1.0.0-rc.13
      tinyglobby: 0.2.15
    optionalDependencies:
      '@types/node': 25.5.2
      fsevents: 2.3.3

  web-vitals@4.2.4: {}

  websocket-driver@0.7.4:
    dependencies:
      http-parser-js: 0.5.10
      safe-buffer: 5.2.1
      websocket-extensions: 0.1.4

  websocket-extensions@0.1.4: {}

  which@2.0.2:
    dependencies:
      isexe: 2.0.0

  wrap-ansi@7.0.0:
    dependencies:
      ansi-styles: 4.3.0
      string-width: 4.2.3
      strip-ansi: 6.0.1

  y18n@5.0.8: {}

  yargs-parser@21.1.1: {}

  yargs@17.7.2:
    dependencies:
      cliui: 8.0.1
      escalade: 3.2.0
      get-caller-file: 2.0.5
      require-directory: 2.1.1
      string-width: 4.2.3
      y18n: 5.0.8
      yargs-parser: 21.1.1
